
Microsoft Visual Studio Solution File, Format Version 12.00
Project("{FAE04EC0-301F-11D3-BF4B-00C04F79EFBC}") = "Hamsell", "Hamsell.csproj", "{FC4C1731-0235-4B62-9B34-1F4921A268EE}"
EndProject
Global
	GlobalSection(SolutionConfigurationPlatforms) = preSolution
		Debug|Any CPU = Debug|Any CPU
		Release|Any CPU = Release|Any CPU
	EndGlobalSection
	GlobalSection(ProjectConfigurationPlatforms) = postSolution
		{FC4C1731-0235-4B62-9B34-1F4921A268EE}.Debug|Any CPU.ActiveCfg = Debug|Any CPU
		{FC4C1731-0235-4B62-9B34-1F4921A268EE}.Debug|Any CPU.Build.0 = Debug|Any CPU
		{FC4C1731-0235-4B62-9B34-1F4921A268EE}.Release|Any CPU.ActiveCfg = Release|Any CPU
		{FC4C1731-0235-4B62-9B34-1F4921A268EE}.Release|Any CPU.Build.0 = Release|Any CPU
	EndGlobalSection
EndGlobal
